
Microsoft Visual Studio Solution File, Format Version 12.00
# Visual Studio Version 17
VisualStudioVersion = 17.9.34701.34
MinimumVisualStudioVersion = 10.0.40219.1
Project("{9A19103F-16F7-4668-BE54-9A1E7A4F7556}") = "ClientApp", "ClientApp\ClientApp.csproj", "{51BDDF3A-B2BF-4BA6-870A-8C85CE925AE1}"
EndProject
Project("{FAE04EC0-301F-11D3-BF4B-00C04F79EFBC}") = "CryptoLib", "CryptoLib\CryptoLib.csproj", "{FD5E3C29-C420-4D81-A220-9757B647F031}"
EndProject
Global
	GlobalSection(SolutionConfigurationPlatforms) = preSolution
		Debug|Any CPU = Debug|Any CPU
		Release|Any CPU = Release|Any CPU
	EndGlobalSection
	GlobalSection(ProjectConfigurationPlatforms) = postSolution
		{51BDDF3A-B2BF-4BA6-870A-8C85CE925AE1}.Debug|Any CPU.ActiveCfg = Debug|Any CPU
		{51BDDF3A-B2BF-4BA6-870A-8C85CE925AE1}.Debug|Any CPU.Build.0 = Debug|Any CPU
		{51BDDF3A-B2BF-4BA6-870A-8C85CE925AE1}.Debug|Any CPU.Deploy.0 = Debug|Any CPU
		{51BDDF3A-B2BF-4BA6-870A-8C85CE925AE1}.Release|Any CPU.ActiveCfg = Release|Any CPU
		{51BDDF3A-B2BF-4BA6-870A-8C85CE925AE1}.Release|Any CPU.Build.0 = Release|Any CPU
		{51BDDF3A-B2BF-4BA6-870A-8C85CE925AE1}.Release|Any CPU.Deploy.0 = Release|Any CPU
		{FD5E3C29-C420-4D81-A220-9757B647F031}.Debug|Any CPU.ActiveCfg = Debug|Any CPU
		{FD5E3C29-C420-4D81-A220-9757B647F031}.Debug|Any CPU.Build.0 = Debug|Any CPU
		{FD5E3C29-C420-4D81-A220-9757B647F031}.Release|Any CPU.ActiveCfg = Release|Any CPU
		{FD5E3C29-C420-4D81-A220-9757B647F031}.Release|Any CPU.Build.0 = Release|Any CPU
	EndGlobalSection
	GlobalSection(SolutionProperties) = preSolution
		HideSolutionNode = FALSE
	EndGlobalSection
	GlobalSection(ExtensibilityGlobals) = postSolution
		SolutionGuid = {ADB2FE41-B99C-443B-92E0-FBEC7FB1A6F1}
	EndGlobalSection
EndGlobal
