
Microsoft Visual Studio Solution File, Format Version 12.00
# Visual Studio Version 17
VisualStudioVersion = 17.8.34322.80
MinimumVisualStudioVersion = 10.0.40219.1
Project("{FAE04EC0-301F-11D3-BF4B-00C04F79EFBC}") = "Proxy", "Proxy\Proxy.csproj", "{D6A6810A-E9EB-4C7D-A972-9128BF831FC1}"
EndProject
Global
	GlobalSection(SolutionConfigurationPlatforms) = preSolution
		Debug|Any CPU = Debug|Any CPU
		Release|Any CPU = Release|Any CPU
	EndGlobalSection
	GlobalSection(ProjectConfigurationPlatforms) = postSolution
		{D6A6810A-E9EB-4C7D-A972-9128BF831FC1}.Debug|Any CPU.ActiveCfg = Debug|Any CPU
		{D6A6810A-E9EB-4C7D-A972-9128BF831FC1}.Debug|Any CPU.Build.0 = Debug|Any CPU
		{D6A6810A-E9EB-4C7D-A972-9128BF831FC1}.Release|Any CPU.ActiveCfg = Release|Any CPU
		{D6A6810A-E9EB-4C7D-A972-9128BF831FC1}.Release|Any CPU.Build.0 = Release|Any CPU
	EndGlobalSection
	GlobalSection(SolutionProperties) = preSolution
		HideSolutionNode = FALSE
	EndGlobalSection
	GlobalSection(ExtensibilityGlobals) = postSolution
		SolutionGuid = {764034A9-D3F1-4FB3-9A89-512273618F47}
	EndGlobalSection
EndGlobal
